
Microsoft Visual Studio Solution File, Format Version 12.00
# Visual Studio Version 17
VisualStudioVersion = 17.14.36623.8
MinimumVisualStudioVersion = 10.0.40219.1
Project("{2150E333-8FDC-42A3-9474-1A3956D46DE8}") = "Services", "Services", "{02EA681E-C7D8-13C7-8484-4AC65E1B71E8}"
EndProject
Project("{2150E333-8FDC-42A3-9474-1A3956D46DE8}") = "Catalog", "Catalog", "{6126320C-D5BC-468D-A508-82B973F924C2}"
EndProject
Project("{FAE04EC0-301F-11D3-BF4B-00C04F79EFBC}") = "Catalog.API", "Services\Catalog\Catalog.API\Catalog.API.csproj", "{7E40BF8F-8B25-47CE-B62B-9767648682E6}"
EndProject
Project("{2150E333-8FDC-42A3-9474-1A3956D46DE8}") = "BuildingBlocks", "BuildingBlocks", "{ABCB577E-5A6C-4942-A242-82028E8C85EF}"
EndProject
Project("{FAE04EC0-301F-11D3-BF4B-00C04F79EFBC}") = "BuildingBlocks", "BuildingBlocks\BuildingBlocks\BuildingBlocks.csproj", "{F082384F-AA61-45B2-957C-130737D173D9}"
EndProject
Project("{E53339B2-1760-4266-BCC7-CA923CBCF16C}") = "docker-compose", "docker-compose.dcproj", "{81DDED9D-158B-E303-5F62-77A2896D2A5A}"
EndProject
Project("{2150E333-8FDC-42A3-9474-1A3956D46DE8}") = "Basket", "Basket", "{1E83FDDC-9D38-44E0-BBE7-7B1060A32A53}"
EndProject
Project("{FAE04EC0-301F-11D3-BF4B-00C04F79EFBC}") = "Basket.API", "Services\Basket\Basket.API\Basket.API.csproj", "{A28A2318-1EF8-4A9C-9470-17FFF5D63C14}"
EndProject
Project("{2150E333-8FDC-42A3-9474-1A3956D46DE8}") = "Discount", "Discount", "{3137DDD0-F197-4373-8CC2-292409943ECA}"
EndProject
Project("{FAE04EC0-301F-11D3-BF4B-00C04F79EFBC}") = "Discount.Grpc", "Services\Discount\Discount.Grpc\Discount.Grpc.csproj", "{4ECFEDE9-4DB6-4B78-8DE4-1AF1CF6692F3}"
EndProject
Global
	GlobalSection(SolutionConfigurationPlatforms) = preSolution
		Debug|Any CPU = Debug|Any CPU
		Release|Any CPU = Release|Any CPU
	EndGlobalSection
	GlobalSection(ProjectConfigurationPlatforms) = postSolution
		{7E40BF8F-8B25-47CE-B62B-9767648682E6}.Debug|Any CPU.ActiveCfg = Debug|Any CPU
		{7E40BF8F-8B25-47CE-B62B-9767648682E6}.Debug|Any CPU.Build.0 = Debug|Any CPU
		{7E40BF8F-8B25-47CE-B62B-9767648682E6}.Release|Any CPU.ActiveCfg = Release|Any CPU
		{7E40BF8F-8B25-47CE-B62B-9767648682E6}.Release|Any CPU.Build.0 = Release|Any CPU
		{F082384F-AA61-45B2-957C-130737D173D9}.Debug|Any CPU.ActiveCfg = Debug|Any CPU
		{F082384F-AA61-45B2-957C-130737D173D9}.Debug|Any CPU.Build.0 = Debug|Any CPU
		{F082384F-AA61-45B2-957C-130737D173D9}.Release|Any CPU.ActiveCfg = Release|Any CPU
		{F082384F-AA61-45B2-957C-130737D173D9}.Release|Any CPU.Build.0 = Release|Any CPU
		{81DDED9D-158B-E303-5F62-77A2896D2A5A}.Debug|Any CPU.ActiveCfg = Debug|Any CPU
		{81DDED9D-158B-E303-5F62-77A2896D2A5A}.Debug|Any CPU.Build.0 = Debug|Any CPU
		{81DDED9D-158B-E303-5F62-77A2896D2A5A}.Release|Any CPU.ActiveCfg = Release|Any CPU
		{81DDED9D-158B-E303-5F62-77A2896D2A5A}.Release|Any CPU.Build.0 = Release|Any CPU
		{A28A2318-1EF8-4A9C-9470-17FFF5D63C14}.Debug|Any CPU.ActiveCfg = Debug|Any CPU
		{A28A2318-1EF8-4A9C-9470-17FFF5D63C14}.Debug|Any CPU.Build.0 = Debug|Any CPU
		{A28A2318-1EF8-4A9C-9470-17FFF5D63C14}.Release|Any CPU.ActiveCfg = Release|Any CPU
		{A28A2318-1EF8-4A9C-9470-17FFF5D63C14}.Release|Any CPU.Build.0 = Release|Any CPU
		{4ECFEDE9-4DB6-4B78-8DE4-1AF1CF6692F3}.Debug|Any CPU.ActiveCfg = Debug|Any CPU
		{4ECFEDE9-4DB6-4B78-8DE4-1AF1CF6692F3}.Debug|Any CPU.Build.0 = Debug|Any CPU
		{4ECFEDE9-4DB6-4B78-8DE4-1AF1CF6692F3}.Release|Any CPU.ActiveCfg = Release|Any CPU
		{4ECFEDE9-4DB6-4B78-8DE4-1AF1CF6692F3}.Release|Any CPU.Build.0 = Release|Any CPU
	EndGlobalSection
	GlobalSection(SolutionProperties) = preSolution
		HideSolutionNode = FALSE
	EndGlobalSection
	GlobalSection(NestedProjects) = preSolution
		{6126320C-D5BC-468D-A508-82B973F924C2} = {02EA681E-C7D8-13C7-8484-4AC65E1B71E8}
		{7E40BF8F-8B25-47CE-B62B-9767648682E6} = {6126320C-D5BC-468D-A508-82B973F924C2}
		{F082384F-AA61-45B2-957C-130737D173D9} = {ABCB577E-5A6C-4942-A242-82028E8C85EF}
		{1E83FDDC-9D38-44E0-BBE7-7B1060A32A53} = {02EA681E-C7D8-13C7-8484-4AC65E1B71E8}
		{A28A2318-1EF8-4A9C-9470-17FFF5D63C14} = {1E83FDDC-9D38-44E0-BBE7-7B1060A32A53}
		{3137DDD0-F197-4373-8CC2-292409943ECA} = {02EA681E-C7D8-13C7-8484-4AC65E1B71E8}
		{4ECFEDE9-4DB6-4B78-8DE4-1AF1CF6692F3} = {3137DDD0-F197-4373-8CC2-292409943ECA}
	EndGlobalSection
	GlobalSection(ExtensibilityGlobals) = postSolution
		SolutionGuid = {85BF7835-AC43-41AE-B6F3-5F669D9CEEC4}
	EndGlobalSection
EndGlobal
